<?xml version="1.0" encoding="UTF-8" standalone="yes" ?>
<CodeBlocks_project_file>
	<FileVersion major="1" minor="6" />
	<Project>
		<Option title="Sure" />
		<Option pch_mode="2" />
		<Option compiler="gcc" />
		<Build>
			<Target title="Debug">
				<Option platforms="Unix;" />
				<Option output="bin/nix/Sure" prefix_auto="1" extension_auto="0" />
				<Option object_output="obj/" />
				<Option type="1" />
				<Option compiler="gcc" />
				<Compiler>
					<Add option="-march=corei7-avx" />
					<Add option="-std=c++11" />
					<Add option="-g" />
					<Add directory="/usr/include/qt5" />
					<Add directory="include" />
				</Compiler>
				<Linker>
					<Add library="/usr/lib/x86_64-linux-gnu/libQt5Core.so" />
					<Add library="/usr/lib/x86_64-linux-gnu/libQt5Widgets.so" />
					<Add library="/usr/lib/x86_64-linux-gnu/libQt5Gui.so" />
					<Add library="/usr/lib/x86_64-linux-gnu/libOpenCL.so.1" />
				</Linker>
			</Target>
			<Target title="Release">
				<Option platforms="Unix;" />
				<Option output="bin/nix/Sure" prefix_auto="1" extension_auto="0" />
				<Option object_output="obj/" />
				<Option type="1" />
				<Option compiler="gcc" />
				<Compiler>
					<Add option="-march=corei7-avx" />
					<Add option="-fomit-frame-pointer" />
					<Add option="-fexpensive-optimizations" />
					<Add option="-O3" />
					<Add option="-pedantic" />
					<Add option="-std=c++11" />
					<Add option="-Wextra" />
					<Add option="-Wall" />
					<Add option="-isystem /usr/include/qt5/" />
					<Add directory="/usr/include/qt5" />
					<Add directory="include" />
				</Compiler>
				<Linker>
					<Add library="/usr/lib/x86_64-linux-gnu/libQt5Core.so" />
					<Add library="/usr/lib/x86_64-linux-gnu/libQt5Widgets.so" />
					<Add library="/usr/lib/x86_64-linux-gnu/libQt5Gui.so" />
					<Add library="/usr/lib/x86_64-linux-gnu/libOpenCL.so.1" />
				</Linker>
			</Target>
			<Target title="Debug Win">
				<Option platforms="Windows;" />
				<Option output="bin/w64/Sure" prefix_auto="1" extension_auto="1" />
				<Option object_output="obj/" />
				<Option type="1" />
				<Option compiler="gcc" />
				<Option projectLinkerOptionsRelation="1" />
				<Compiler>
					<Add option="-std=c++11" />
					<Add option="-m64" />
					<Add option="-g" />
					<Add directory="D:/Qt/A_qt510_64/include" />
					<Add directory="include" />
				</Compiler>
				<Linker>
					<Add option="-m64" />
					<Add option="-fopenmp -Wl,--stack,52428800" />
					<Add library="Qt5Core" />
					<Add library="Qt5Gui" />
					<Add library="Qt5Widgets" />
					<Add library="opencl" />
					<Add directory="D:/Qt/A_qt510_64/bin" />
				</Linker>
			</Target>
			<Target title="Release Win">
				<Option platforms="Windows;" />
				<Option output="bin/w64/Sure" prefix_auto="1" extension_auto="1" />
				<Option object_output="obj/" />
				<Option type="1" />
				<Option compiler="gcc" />
				<Option projectCompilerOptionsRelation="1" />
				<Option projectLinkerOptionsRelation="1" />
				<Option projectResourceIncludeDirsRelation="1" />
				<Compiler>
					<Add option="-march=corei7" />
					<Add option="-fomit-frame-pointer" />
					<Add option="-fexpensive-optimizations" />
					<Add option="-O3" />
					<Add option="-Wall" />
					<Add option="-std=c++11" />
					<Add option="-m64" />
					<Add option="-fopenmp" />
					<Add directory="D:/Qt/A_qt510_64/include" />
					<Add directory="include" />
				</Compiler>
				<Linker>
					<Add option="-m64" />
					<Add option="-fopenmp -Wl,--stack,52428800" />
					<Add library="Qt5Core" />
					<Add library="Qt5Widgets" />
					<Add library="Qt5Gui" />
					<Add library="opencl" />
					<Add directory="D:/Qt/A_qt510_64/lib" />
				</Linker>
			</Target>
		</Build>
		<Compiler>
			<Add option="-march=corei7" />
			<Add option="-fPIC -fPIE -fopenmp -Wall" />
			<Add directory="./" />
			<Add directory="./CL" />
			<Add directory="./src" />
			<Add directory="./include" />
		</Compiler>
		<Linker>
			<Add option="-fopenmp" />
		</Linker>
		<Unit filename="CL/SureDefines.h" />
		<Unit filename="CL/SureGPUData.h" />
		<Unit filename="CL/func_common.c">
			<Option compilerVar="CC" />
			<Option compile="0" />
			<Option link="0" />
			<Option target="&lt;{~None~}&gt;" />
		</Unit>
		<Unit filename="CL/raytrace.cl" />
		<Unit filename="CL/raytrace_d.cl" />
		<Unit filename="CL/raytrace_t.cl" />
		<Unit filename="CL/trace_common.c">
			<Option compilerVar="CC" />
			<Option compile="0" />
			<Option link="0" />
			<Option target="&lt;{~None~}&gt;" />
		</Unit>
		<Unit filename="CL/trace_common_d.c">
			<Option compilerVar="CC" />
			<Option compile="0" />
			<Option link="0" />
		</Unit>
		<Unit filename="CL/trace_common_t.c">
			<Option compilerVar="CC" />
			<Option compile="0" />
			<Option link="0" />
		</Unit>
		<Unit filename="README.md" />
		<Unit filename="TODO.txt" />
		<Unit filename="include/SureData.h" />
		<Unit filename="include/SureDefinesCPU.h" />
		<Unit filename="include/SureLog.h" />
		<Unit filename="include/SurePhysThread.h" />
		<Unit filename="include/SureThread.h" />
		<Unit filename="include/SureWidget.h" />
		<Unit filename="src/SureData.cpp" />
		<Unit filename="src/SureData_gen.cpp">
			<Option compile="0" />
			<Option link="0" />
			<Option target="&lt;{~None~}&gt;" />
		</Unit>
		<Unit filename="src/SureData_load.cpp">
			<Option compile="0" />
			<Option link="0" />
			<Option target="&lt;{~None~}&gt;" />
		</Unit>
		<Unit filename="src/SureData_scene.cpp">
			<Option compile="0" />
			<Option link="0" />
			<Option target="&lt;{~None~}&gt;" />
		</Unit>
		<Unit filename="src/SureLog.cpp" />
		<Unit filename="src/SurePhysThread.cpp" />
		<Unit filename="src/SureThread.cpp" />
		<Unit filename="src/SureWidget.cpp" />
		<Unit filename="src/func_CPU.c">
			<Option compilerVar="CC" />
			<Option compile="0" />
			<Option link="0" />
			<Option target="&lt;{~None~}&gt;" />
		</Unit>
		<Unit filename="src/main.cpp" />
		<Extensions>
			<code_completion />
			<debugger />
			<envvars />
		</Extensions>
	</Project>
</CodeBlocks_project_file>
